
Microsoft Visual Studio Solution File, Format Version 12.00
# Visual Studio Version 16
VisualStudioVersion = 16.0.31624.102
MinimumVisualStudioVersion = 10.0.40219.1
Project("{FAE04EC0-301F-11D3-BF4B-00C04F79EFBC}") = "Csharp_UnitTest", "Csharp_UnitTest\Csharp_UnitTest.csproj", "{949E6B1F-0CD1-41C2-B77F-150AA341C970}"
EndProject
Project("{FAE04EC0-301F-11D3-BF4B-00C04F79EFBC}") = "Csharp_UnitTest.Test", "Csharp_UnitTest.Test\Csharp_UnitTest.Test.csproj", "{A94D2BA4-FF81-44BB-A16C-18E986CFCC7B}"
EndProject
Global
	GlobalSection(SolutionConfigurationPlatforms) = preSolution
		Debug|Any CPU = Debug|Any CPU
		Release|Any CPU = Release|Any CPU
	EndGlobalSection
	GlobalSection(ProjectConfigurationPlatforms) = postSolution
		{949E6B1F-0CD1-41C2-B77F-150AA341C970}.Debug|Any CPU.ActiveCfg = Debug|Any CPU
		{949E6B1F-0CD1-41C2-B77F-150AA341C970}.Debug|Any CPU.Build.0 = Debug|Any CPU
		{949E6B1F-0CD1-41C2-B77F-150AA341C970}.Release|Any CPU.ActiveCfg = Release|Any CPU
		{949E6B1F-0CD1-41C2-B77F-150AA341C970}.Release|Any CPU.Build.0 = Release|Any CPU
		{A94D2BA4-FF81-44BB-A16C-18E986CFCC7B}.Debug|Any CPU.ActiveCfg = Debug|Any CPU
		{A94D2BA4-FF81-44BB-A16C-18E986CFCC7B}.Debug|Any CPU.Build.0 = Debug|Any CPU
		{A94D2BA4-FF81-44BB-A16C-18E986CFCC7B}.Release|Any CPU.ActiveCfg = Release|Any CPU
		{A94D2BA4-FF81-44BB-A16C-18E986CFCC7B}.Release|Any CPU.Build.0 = Release|Any CPU
	EndGlobalSection
	GlobalSection(SolutionProperties) = preSolution
		HideSolutionNode = FALSE
	EndGlobalSection
	GlobalSection(ExtensibilityGlobals) = postSolution
		SolutionGuid = {DC010D15-ABB6-4BF3-A77C-AAD2CD558420}
	EndGlobalSection
EndGlobal
